// !$*UTF8*$!
{
	archiveVersion = 1;
	classes = {
	};
	objectVersion = 50;
	objects = {

/* Begin PBXBuildFile section */
		C572EF7A23CD556600EA63B7 /* AppDelegate.swift in Sources */ = {isa = PBXBuildFile; fileRef = C572EF7923CD556600EA63B7 /* AppDelegate.swift */; };
		C572EF7C23CD556600EA63B7 /* SceneDelegate.swift in Sources */ = {isa = PBXBuildFile; fileRef = C572EF7B23CD556600EA63B7 /* SceneDelegate.swift */; };
		C572EF7E23CD556600EA63B7 /* ContentView.swift in Sources */ = {isa = PBXBuildFile; fileRef = C572EF7D23CD556600EA63B7 /* ContentView.swift */; };
		C572EF8023CD556800EA63B7 /* Assets.xcassets in Resources */ = {isa = PBXBuildFile; fileRef = C572EF7F23CD556800EA63B7 /* Assets.xcassets */; };
		C572EF8323CD556800EA63B7 /* Preview Assets.xcassets in Resources */ = {isa = PBXBuildFile; fileRef = C572EF8223CD556800EA63B7 /* Preview Assets.xcassets */; };
		C572EF8623CD556800EA63B7 /* LaunchScreen.storyboard in Resources */ = {isa = PBXBuildFile; fileRef = C572EF8423CD556800EA63B7 /* LaunchScreen.storyboard */; };
		C572EF8E23CD565E00EA63B7 /* Task.swift in Sources */ = {isa = PBXBuildFile; fileRef = C572EF8D23CD565E00EA63B7 /* Task.swift */; };
		C572EF9123CD56D700EA63B7 /* TaskStore.swift in Sources */ = {isa = PBXBuildFile; fileRef = C572EF9023CD56D700EA63B7 /* TaskStore.swift */; };
		C572EF9523CEA2D600EA63B7 /* NewTaskView.swift in Sources */ = {isa = PBXBuildFile; fileRef = C572EF9423CEA2D600EA63B7 /* NewTaskView.swift */; };
/* End PBXBuildFile section */

/* Begin PBXFileReference section */
		C572EF7623CD556600EA63B7 /* TaskList.app */ = {isa = PBXFileReference; explicitFileType = wrapper.application; includeInIndex = 0; path = TaskList.app; sourceTree = BUILT_PRODUCTS_DIR; };
		C572EF7923CD556600EA63B7 /* AppDelegate.swift */ = {isa = PBXFileReference; lastKnownFileType = sourcecode.swift; path = AppDelegate.swift; sourceTree = "<group>"; };
		C572EF7B23CD556600EA63B7 /* SceneDelegate.swift */ = {isa = PBXFileReference; lastKnownFileType = sourcecode.swift; path = SceneDelegate.swift; sourceTree = "<group>"; };
		C572EF7D23CD556600EA63B7 /* ContentView.swift */ = {isa = PBXFileReference; lastKnownFileType = sourcecode.swift; path = ContentView.swift; sourceTree = "<group>"; };
		C572EF7F23CD556800EA63B7 /* Assets.xcassets */ = {isa = PBXFileReference; lastKnownFileType = folder.assetcatalog; path = Assets.xcassets; sourceTree = "<group>"; };
		C572EF8223CD556800EA63B7 /* Preview Assets.xcassets */ = {isa = PBXFileReference; lastKnownFileType = folder.assetcatalog; path = "Preview Assets.xcassets"; sourceTree = "<group>"; };
		C572EF8523CD556800EA63B7 /* Base */ = {isa = PBXFileReference; lastKnownFileType = file.storyboard; name = Base; path = Base.lproj/LaunchScreen.storyboard; sourceTree = "<group>"; };
		C572EF8723CD556800EA63B7 /* Info.plist */ = {isa = PBXFileReference; lastKnownFileType = text.plist.xml; path = Info.plist; sourceTree = "<group>"; };
		C572EF8D23CD565E00EA63B7 /* Task.swift */ = {isa = PBXFileReference; lastKnownFileType = sourcecode.swift; path = Task.swift; sourceTree = "<group>"; };
		C572EF9023CD56D700EA63B7 /* TaskStore.swift */ = {isa = PBXFileReference; lastKnownFileType = sourcecode.swift; path = TaskStore.swift; sourceTree = "<group>"; };
		C572EF9423CEA2D600EA63B7 /* NewTaskView.swift */ = {isa = PBXFileReference; lastKnownFileType = sourcecode.swift; path = NewTaskView.swift; sourceTree = "<group>"; };
/* End PBXFileReference section */

/* Begin PBXFrameworksBuildPhase section */
		C572EF7323CD556600EA63B7 /* Frameworks */ = {
			isa = PBXFrameworksBuildPhase;
			buildActionMask = 2147483647;
			files = (
			);
			runOnlyForDeploymentPostprocessing = 0;
		};
/* End PBXFrameworksBuildPhase section */

/* Begin PBXGroup section */
		C572EF6D23CD556600EA63B7 = {
			isa = PBXGroup;
			children = (
				C572EF7823CD556600EA63B7 /* TaskList */,
				C572EF7723CD556600EA63B7 /* Products */,
			);
			sourceTree = "<group>";
		};
		C572EF7723CD556600EA63B7 /* Products */ = {
			isa = PBXGroup;
			children = (
				C572EF7623CD556600EA63B7 /* TaskList.app */,
			);
			name = Products;
			sourceTree = "<group>";
		};
		C572EF7823CD556600EA63B7 /* TaskList */ = {
			isa = PBXGroup;
			children = (
				C572EF9623CEA4D500EA63B7 /* Views */,
				C572EF8F23CD569400EA63B7 /* Models */,
				C572EF7923CD556600EA63B7 /* AppDelegate.swift */,
				C572EF7B23CD556600EA63B7 /* SceneDelegate.swift */,
				C572EF7F23CD556800EA63B7 /* Assets.xcassets */,
				C572EF8423CD556800EA63B7 /* LaunchScreen.storyboard */,
				C572EF8723CD556800EA63B7 /* Info.plist */,
				C572EF8123CD556800EA63B7 /* Preview Content */,
			);
			path = TaskList;
			sourceTree = "<group>";
		};
		C572EF8123CD556800EA63B7 /* Preview Content */ = {
			isa = PBXGroup;
			children = (
				C572EF8223CD556800EA63B7 /* Preview Assets.xcassets */,
			);
			path = "Preview Content";
			sourceTree = "<group>";
		};
		C572EF8F23CD569400EA63B7 /* Models */ = {
			isa = PBXGroup;
			children = (
				C572EF8D23CD565E00EA63B7 /* Task.swift */,
				C572EF9023CD56D700EA63B7 /* TaskStore.swift */,
			);
			path = Models;
			sourceTree = "<group>";
		};
		C572EF9623CEA4D500EA63B7 /* Views */ = {
			isa = PBXGroup;
			children = (
				C572EF7D23CD556600EA63B7 /* ContentView.swift */,
				C572EF9423CEA2D600EA63B7 /* NewTaskView.swift */,
			);
			path = Views;
			sourceTree = "<group>";
		};
/* End PBXGroup section */

/* Begin PBXNativeTarget section */
		C572EF7523CD556600EA63B7 /* TaskList */ = {
			isa = PBXNativeTarget;
			buildConfigurationList = C572EF8A23CD556800EA63B7 /* Build configuration list for PBXNativeTarget "TaskList" */;
			buildPhases = (
				C572EF7223CD556600EA63B7 /* Sources */,
				C572EF7323CD556600EA63B7 /* Frameworks */,
				C572EF7423CD556600EA63B7 /* Resources */,
			);
			buildRules = (
			);
			dependencies = (
			);
			name = TaskList;
			productName = TaskList;
			productReference = C572EF7623CD556600EA63B7 /* TaskList.app */;
			productType = "com.apple.product-type.application";
		};
/* End PBXNativeTarget section */

/* Begin PBXProject section */
		C572EF6E23CD556600EA63B7 /* Project object */ = {
			isa = PBXProject;
			attributes = {
				LastSwiftUpdateCheck = 1130;
				LastUpgradeCheck = 1130;
				ORGANIZATIONNAME = "Ashwin Raghuraman";
				TargetAttributes = {
					C572EF7523CD556600EA63B7 = {
						CreatedOnToolsVersion = 11.3;
					};
				};
			};
			buildConfigurationList = C572EF7123CD556600EA63B7 /* Build configuration list for PBXProject "TaskList" */;
			compatibilityVersion = "Xcode 9.3";
			developmentRegion = en;
			hasScannedForEncodings = 0;
			knownRegions = (
				en,
				Base,
			);
			mainGroup = C572EF6D23CD556600EA63B7;
			productRefGroup = C572EF7723CD556600EA63B7 /* Products */;
			projectDirPath = "";
			projectRoot = "";
			targets = (
				C572EF7523CD556600EA63B7 /* TaskList */,
			);
		};
/* End PBXProject section */

/* Begin PBXResourcesBuildPhase section */
		C572EF7423CD556600EA63B7 /* Resources */ = {
			isa = PBXResourcesBuildPhase;
			buildActionMask = 2147483647;
			files = (
				C572EF8623CD556800EA63B7 /* LaunchScreen.storyboard in Resources */,
				C572EF8323CD556800EA63B7 /* Preview Assets.xcassets in Resources */,
				C572EF8023CD556800EA63B7 /* Assets.xcassets in Resources */,
			);
			runOnlyForDeploymentPostprocessing = 0;
		};
/* End PBXResourcesBuildPhase section */

/* Begin PBXSourcesBuildPhase section */
		C572EF7223CD556600EA63B7 /* Sources */ = {
			isa = PBXSourcesBuildPhase;
			buildActionMask = 2147483647;
			files = (
				C572EF9123CD56D700EA63B7 /* TaskStore.swift in Sources */,
				C572EF8E23CD565E00EA63B7 /* Task.swift in Sources */,
				C572EF9523CEA2D600EA63B7 /* NewTaskView.swift in Sources */,
				C572EF7A23CD556600EA63B7 /* AppDelegate.swift in Sources */,
				C572EF7C23CD556600EA63B7 /* SceneDelegate.swift in Sources */,
				C572EF7E23CD556600EA63B7 /* ContentView.swift in Sources */,
			);
			runOnlyForDeploymentPostprocessing = 0;
		};
/* End PBXSourcesBuildPhase section */

/* Begin PBXVariantGroup section */
		C572EF8423CD556800EA63B7 /* LaunchScreen.storyboard */ = {
			isa = PBXVariantGroup;
			children = (
				C572EF8523CD556800EA63B7 /* Base */,
			);
			name = LaunchScreen.storyboard;
			sourceTree = "<group>";
		};
/* End PBXVariantGroup section */

/* Begin XCBuildConfiguration section */
		C572EF8823CD556800EA63B7 /* Debug */ = {
			isa = XCBuildConfiguration;
			buildSettings = {
				ALWAYS_SEARCH_USER_PATHS = NO;
				CLANG_ANALYZER_NONNULL = YES;
				CLANG_ANALYZER_NUMBER_OBJECT_CONVERSION = YES_AGGRESSIVE;
				CLANG_CXX_LANGUAGE_STANDARD = "gnu++14";
				CLANG_CXX_LIBRARY = "libc++";
				CLANG_ENABLE_MODULES = YES;
				CLANG_ENABLE_OBJC_ARC = YES;
				CLANG_ENABLE_OBJC_WEAK = YES;
				CLANG_WARN_BLOCK_CAPTURE_AUTORELEASING = YES;
				CLANG_WARN_BOOL_CONVERSION = YES;
				CLANG_WARN_COMMA = YES;
				CLANG_WARN_CONSTANT_CONVERSION = YES;
				CLANG_WARN_DEPRECATED_OBJC_IMPLEMENTATIONS = YES;
				CLANG_WARN_DIRECT_OBJC_ISA_USAGE = YES_ERROR;
				CLANG_WARN_DOCUMENTATION_COMMENTS = YES;
				CLANG_WARN_EMPTY_BODY = YES;
				CLANG_WARN_ENUM_CONVERSION = YES;
				CLANG_WARN_INFINITE_RECURSION = YES;
				CLANG_WARN_INT_CONVERSION = YES;
				CLANG_WARN_NON_LITERAL_NULL_CONVERSION = YES;
				CLANG_WARN_OBJC_IMPLICIT_RETAIN_SELF = YES;
				CLANG_WARN_OBJC_LITERAL_CONVERSION = YES;
				CLANG_WARN_OBJC_ROOT_CLASS = YES_ERROR;
				CLANG_WARN_RANGE_LOOP_ANALYSIS = YES;
				CLANG_WARN_STRICT_PROTOTYPES = YES;
				CLANG_WARN_SUSPICIOUS_MOVE = YES;
				CLANG_WARN_UNGUARDED_AVAILABILITY = YES_AGGRESSIVE;
				CLANG_WARN_UNREACHABLE_CODE = YES;
				CLANG_WARN__DUPLICATE_METHOD_MATCH = YES;
				COPY_PHASE_STRIP = NO;
				DEBUG_INFORMATION_FORMAT = dwarf;
				ENABLE_STRICT_OBJC_MSGSEND = YES;
				ENABLE_TESTABILITY = YES;
				GCC_C_LANGUAGE_STANDARD = gnu11;
				GCC_DYNAMIC_NO_PIC = NO;
				GCC_NO_COMMON_BLOCKS = YES;
				GCC_OPTIMIZATION_LEVEL = 0;
				GCC_PREPROCESSOR_DEFINITIONS = (
					"DEBUG=1",
					"$(inherited)",
				);
				GCC_WARN_64_TO_32_BIT_CONVERSION = YES;
				GCC_WARN_ABOUT_RETURN_TYPE = YES_ERROR;
				GCC_WARN_UNDECLARED_SELECTOR = YES;
				GCC_WARN_UNINITIALIZED_AUTOS = YES_AGGRESSIVE;
				GCC_WARN_UNUSED_FUNCTION = YES;
				GCC_WARN_UNUSED_VARIABLE = YES;
				IPHONEOS_DEPLOYMENT_TARGET = 13.2;
				MTL_ENABLE_DEBUG_INFO = INCLUDE_SOURCE;
				MTL_FAST_MATH = YES;
				ONLY_ACTIVE_ARCH = YES;
				SDKROOT = iphoneos;
				SWIFT_ACTIVE_COMPILATION_CONDITIONS = DEBUG;
				SWIFT_OPTIMIZATION_LEVEL = "-Onone";
			};
			name = Debug;
		};
		C572EF8923CD556800EA63B7 /* Release */ = {
			isa = XCBuildConfiguration;
			buildSettings = {
				ALWAYS_SEARCH_USER_PATHS = NO;
				CLANG_ANALYZER_NONNULL = YES;
				CLANG_ANALYZER_NUMBER_OBJECT_CONVERSION = YES_AGGRESSIVE;
				CLANG_CXX_LANGUAGE_STANDARD = "gnu++14";
				CLANG_CXX_LIBRARY = "libc++";
				CLANG_ENABLE_MODULES = YES;
				CLANG_ENABLE_OBJC_ARC = YES;
				CLANG_ENABLE_OBJC_WEAK = YES;
				CLANG_WARN_BLOCK_CAPTURE_AUTORELEASING = YES;
				CLANG_WARN_BOOL_CONVERSION = YES;
				CLANG_WARN_COMMA = YES;
				CLANG_WARN_CONSTANT_CONVERSION = YES;
				CLANG_WARN_DEPRECATED_OBJC_IMPLEMENTATIONS = YES;
				CLANG_WARN_DIRECT_OBJC_ISA_USAGE = YES_ERROR;
				CLANG_WARN_DOCUMENTATION_COMMENTS = YES;
				CLANG_WARN_EMPTY_BODY = YES;
				CLANG_WARN_ENUM_CONVERSION = YES;
				CLANG_WARN_INFINITE_RECURSION = YES;
				CLANG_WARN_INT_CONVERSION = YES;
				CLANG_WARN_NON_LITERAL_NULL_CONVERSION = YES;
				CLANG_WARN_OBJC_IMPLICIT_RETAIN_SELF = YES;
				CLANG_WARN_OBJC_LITERAL_CONVERSION = YES;
				CLANG_WARN_OBJC_ROOT_CLASS = YES_ERROR;
				CLANG_WARN_RANGE_LOOP_ANALYSIS = YES;
				CLANG_WARN_STRICT_PROTOTYPES = YES;
				CLANG_WARN_SUSPICIOUS_MOVE = YES;
				CLANG_WARN_UNGUARDED_AVAILABILITY = YES_AGGRESSIVE;
				CLANG_WARN_UNREACHABLE_CODE = YES;
				CLANG_WARN__DUPLICATE_METHOD_MATCH = YES;
				COPY_PHASE_STRIP = NO;
				DEBUG_INFORMATION_FORMAT = "dwarf-with-dsym";
				ENABLE_NS_ASSERTIONS = NO;
				ENABLE_STRICT_OBJC_MSGSEND = YES;
				GCC_C_LANGUAGE_STANDARD = gnu11;
				GCC_NO_COMMON_BLOCKS = YES;
				GCC_WARN_64_TO_32_BIT_CONVERSION = YES;
				GCC_WARN_ABOUT_RETURN_TYPE = YES_ERROR;
				GCC_WARN_UNDECLARED_SELECTOR = YES;
				GCC_WARN_UNINITIALIZED_AUTOS = YES_AGGRESSIVE;
				GCC_WARN_UNUSED_FUNCTION = YES;
				GCC_WARN_UNUSED_VARIABLE = YES;
				IPHONEOS_DEPLOYMENT_TARGET = 13.2;
				MTL_ENABLE_DEBUG_INFO = NO;
				MTL_FAST_MATH = YES;
				SDKROOT = iphoneos;
				SWIFT_COMPILATION_MODE = wholemodule;
				SWIFT_OPTIMIZATION_LEVEL = "-O";
				VALIDATE_PRODUCT = YES;
			};
			name = Release;
		};
		C572EF8B23CD556800EA63B7 /* Debug */ = {
			isa = XCBuildConfiguration;
			buildSettings = {
				ASSETCATALOG_COMPILER_APPICON_NAME = AppIcon;
				CODE_SIGN_STYLE = Automatic;
				DEVELOPMENT_ASSET_PATHS = "\"TaskList/Preview Content\"";
				DEVELOPMENT_TEAM = AW6X25M72N;
				ENABLE_PREVIEWS = YES;
				INFOPLIST_FILE = TaskList/Info.plist;
				LD_RUNPATH_SEARCH_PATHS = (
					"$(inherited)",
					"@executable_path/Frameworks",
				);
				PRODUCT_BUNDLE_IDENTIFIER = com.ashwin.TaskList;
				PRODUCT_NAME = "$(TARGET_NAME)";
				SWIFT_VERSION = 5.0;
				TARGETED_DEVICE_FAMILY = "1,2";
			};
			name = Debug;
		};
		C572EF8C23CD556800EA63B7 /* Release */ = {
			isa = XCBuildConfiguration;
			buildSettings = {
				ASSETCATALOG_COMPILER_APPICON_NAME = AppIcon;
				CODE_SIGN_STYLE = Automatic;
				DEVELOPMENT_ASSET_PATHS = "\"TaskList/Preview Content\"";
				DEVELOPMENT_TEAM = AW6X25M72N;
				ENABLE_PREVIEWS = YES;
				INFOPLIST_FILE = TaskList/Info.plist;
				LD_RUNPATH_SEARCH_PATHS = (
					"$(inherited)",
					"@executable_path/Frameworks",
				);
				PRODUCT_BUNDLE_IDENTIFIER = com.ashwin.TaskList;
				PRODUCT_NAME = "$(TARGET_NAME)";
				SWIFT_VERSION = 5.0;
				TARGETED_DEVICE_FAMILY = "1,2";
			};
			name = Release;
		};
/* End XCBuildConfiguration section */

/* Begin XCConfigurationList section */
		C572EF7123CD556600EA63B7 /* Build configuration list for PBXProject "TaskList" */ = {
			isa = XCConfigurationList;
			buildConfigurations = (
				C572EF8823CD556800EA63B7 /* Debug */,
				C572EF8923CD556800EA63B7 /* Release */,
			);
			defaultConfigurationIsVisible = 0;
			defaultConfigurationName = Release;
		};
		C572EF8A23CD556800EA63B7 /* Build configuration list for PBXNativeTarget "TaskList" */ = {
			isa = XCConfigurationList;
			buildConfigurations = (
				C572EF8B23CD556800EA63B7 /* Debug */,
				C572EF8C23CD556800EA63B7 /* Release */,
			);
			defaultConfigurationIsVisible = 0;
			defaultConfigurationName = Release;
		};
/* End XCConfigurationList section */
	};
	rootObject = C572EF6E23CD556600EA63B7 /* Project object */;
}
